
Microsoft Visual Studio Solution File, Format Version 12.00
# Visual Studio Version 16
VisualStudioVersion = 16.0.31205.134
MinimumVisualStudioVersion = 10.0.40219.1
Project("{FAE04EC0-301F-11D3-BF4B-00C04F79EFBC}") = "DeactivationForm", "DeactivationForm\DeactivationForm.csproj", "{6B68492D-E603-4E99-81FD-DD1AC7495434}"
EndProject
Global
	GlobalSection(SolutionConfigurationPlatforms) = preSolution
		Debug|Any CPU = Debug|Any CPU
		Release|Any CPU = Release|Any CPU
	EndGlobalSection
	GlobalSection(ProjectConfigurationPlatforms) = postSolution
		{6B68492D-E603-4E99-81FD-DD1AC7495434}.Debug|Any CPU.ActiveCfg = Debug|Any CPU
		{6B68492D-E603-4E99-81FD-DD1AC7495434}.Debug|Any CPU.Build.0 = Debug|Any CPU
		{6B68492D-E603-4E99-81FD-DD1AC7495434}.Release|Any CPU.ActiveCfg = Release|Any CPU
		{6B68492D-E603-4E99-81FD-DD1AC7495434}.Release|Any CPU.Build.0 = Release|Any CPU
	EndGlobalSection
	GlobalSection(SolutionProperties) = preSolution
		HideSolutionNode = FALSE
	EndGlobalSection
	GlobalSection(ExtensibilityGlobals) = postSolution
		SolutionGuid = {82B559B3-BF10-4868-B3F3-17322EEAEE95}
	EndGlobalSection
EndGlobal
